// !$*UTF8*$!
{
	archiveVersion = 1;
	classes = {
	};
	objectVersion = 46;
	objects = {

/* Begin PBXBuildFile section */
		256370B91E21E13A00DF5D1A /* HoundAdapter.swift in Sources */ = {isa = PBXBuildFile; fileRef = 256370B81E21E13A00DF5D1A /* HoundAdapter.swift */; };
		256370BB1E21E61E00DF5D1A /* ModelHound.swift in Sources */ = {isa = PBXBuildFile; fileRef = 256370BA1E21E61E00DF5D1A /* ModelHound.swift */; };
		25B293581E20A2F600C72616 /* AppDelegate.swift in Sources */ = {isa = PBXBuildFile; fileRef = 25B293571E20A2F600C72616 /* AppDelegate.swift */; };
		25B2935A1E20A2F600C72616 /* Assets.xcassets in Resources */ = {isa = PBXBuildFile; fileRef = 25B293591E20A2F600C72616 /* Assets.xcassets */; };
		25B2935D1E20A2F600C72616 /* MainMenu.xib in Resources */ = {isa = PBXBuildFile; fileRef = 25B2935B1E20A2F600C72616 /* MainMenu.xib */; };
		25B293681E20A2F600C72616 /* MarosHoundTests.swift in Sources */ = {isa = PBXBuildFile; fileRef = 25B293671E20A2F600C72616 /* MarosHoundTests.swift */; };
		25B293731E20A2F600C72616 /* MarosHoundUITests.swift in Sources */ = {isa = PBXBuildFile; fileRef = 25B293721E20A2F600C72616 /* MarosHoundUITests.swift */; };
/* End PBXBuildFile section */

/* Begin PBXContainerItemProxy section */
		25B293641E20A2F600C72616 /* PBXContainerItemProxy */ = {
			isa = PBXContainerItemProxy;
			containerPortal = 25B2934C1E20A2F600C72616 /* Project object */;
			proxyType = 1;
			remoteGlobalIDString = 25B293531E20A2F600C72616;
			remoteInfo = MarosHound;
		};
		25B2936F1E20A2F600C72616 /* PBXContainerItemProxy */ = {
			isa = PBXContainerItemProxy;
			containerPortal = 25B2934C1E20A2F600C72616 /* Project object */;
			proxyType = 1;
			remoteGlobalIDString = 25B293531E20A2F600C72616;
			remoteInfo = MarosHound;
		};
/* End PBXContainerItemProxy section */

/* Begin PBXFileReference section */
		256370B81E21E13A00DF5D1A /* HoundAdapter.swift */ = {isa = PBXFileReference; fileEncoding = 4; lastKnownFileType = sourcecode.swift; path = HoundAdapter.swift; sourceTree = "<group>"; };
		256370BA1E21E61E00DF5D1A /* ModelHound.swift */ = {isa = PBXFileReference; fileEncoding = 4; lastKnownFileType = sourcecode.swift; path = ModelHound.swift; sourceTree = "<group>"; };
		25B293541E20A2F600C72616 /* MarosHound.app */ = {isa = PBXFileReference; explicitFileType = wrapper.application; includeInIndex = 0; path = MarosHound.app; sourceTree = BUILT_PRODUCTS_DIR; };
		25B293571E20A2F600C72616 /* AppDelegate.swift */ = {isa = PBXFileReference; lastKnownFileType = sourcecode.swift; path = AppDelegate.swift; sourceTree = "<group>"; };
		25B293591E20A2F600C72616 /* Assets.xcassets */ = {isa = PBXFileReference; lastKnownFileType = folder.assetcatalog; path = Assets.xcassets; sourceTree = "<group>"; };
		25B2935C1E20A2F600C72616 /* Base */ = {isa = PBXFileReference; lastKnownFileType = file.xib; name = Base; path = Base.lproj/MainMenu.xib; sourceTree = "<group>"; };
		25B2935E1E20A2F600C72616 /* Info.plist */ = {isa = PBXFileReference; lastKnownFileType = text.plist.xml; path = Info.plist; sourceTree = "<group>"; };
		25B293631E20A2F600C72616 /* MarosHoundTests.xctest */ = {isa = PBXFileReference; explicitFileType = wrapper.cfbundle; includeInIndex = 0; path = MarosHoundTests.xctest; sourceTree = BUILT_PRODUCTS_DIR; };
		25B293671E20A2F600C72616 /* MarosHoundTests.swift */ = {isa = PBXFileReference; lastKnownFileType = sourcecode.swift; path = MarosHoundTests.swift; sourceTree = "<group>"; };
		25B293691E20A2F600C72616 /* Info.plist */ = {isa = PBXFileReference; lastKnownFileType = text.plist.xml; path = Info.plist; sourceTree = "<group>"; };
		25B2936E1E20A2F600C72616 /* MarosHoundUITests.xctest */ = {isa = PBXFileReference; explicitFileType = wrapper.cfbundle; includeInIndex = 0; path = MarosHoundUITests.xctest; sourceTree = BUILT_PRODUCTS_DIR; };
		25B293721E20A2F600C72616 /* MarosHoundUITests.swift */ = {isa = PBXFileReference; lastKnownFileType = sourcecode.swift; path = MarosHoundUITests.swift; sourceTree = "<group>"; };
		25B293741E20A2F600C72616 /* Info.plist */ = {isa = PBXFileReference; lastKnownFileType = text.plist.xml; path = Info.plist; sourceTree = "<group>"; };
/* End PBXFileReference section */

/* Begin PBXFrameworksBuildPhase section */
		25B293511E20A2F600C72616 /* Frameworks */ = {
			isa = PBXFrameworksBuildPhase;
			buildActionMask = 2147483647;
			files = (
			);
			runOnlyForDeploymentPostprocessing = 0;
		};
		25B293601E20A2F600C72616 /* Frameworks */ = {
			isa = PBXFrameworksBuildPhase;
			buildActionMask = 2147483647;
			files = (
			);
			runOnlyForDeploymentPostprocessing = 0;
		};
		25B2936B1E20A2F600C72616 /* Frameworks */ = {
			isa = PBXFrameworksBuildPhase;
			buildActionMask = 2147483647;
			files = (
			);
			runOnlyForDeploymentPostprocessing = 0;
		};
/* End PBXFrameworksBuildPhase section */

/* Begin PBXGroup section */
		256370B71E21E08E00DF5D1A /* kernel */ = {
			isa = PBXGroup;
			children = (
				256370B81E21E13A00DF5D1A /* HoundAdapter.swift */,
				256370BA1E21E61E00DF5D1A /* ModelHound.swift */,
			);
			name = kernel;
			sourceTree = "<group>";
		};
		25B2934B1E20A2F600C72616 = {
			isa = PBXGroup;
			children = (
				25B293561E20A2F600C72616 /* MarosHound */,
				25B293661E20A2F600C72616 /* MarosHoundTests */,
				25B293711E20A2F600C72616 /* MarosHoundUITests */,
				25B293551E20A2F600C72616 /* Products */,
			);
			sourceTree = "<group>";
		};
		25B293551E20A2F600C72616 /* Products */ = {
			isa = PBXGroup;
			children = (
				25B293541E20A2F600C72616 /* MarosHound.app */,
				25B293631E20A2F600C72616 /* MarosHoundTests.xctest */,
				25B2936E1E20A2F600C72616 /* MarosHoundUITests.xctest */,
			);
			name = Products;
			sourceTree = "<group>";
		};
		25B293561E20A2F600C72616 /* MarosHound */ = {
			isa = PBXGroup;
			children = (
				256370B71E21E08E00DF5D1A /* kernel */,
				25B293571E20A2F600C72616 /* AppDelegate.swift */,
				25B293591E20A2F600C72616 /* Assets.xcassets */,
				25B2935B1E20A2F600C72616 /* MainMenu.xib */,
				25B2935E1E20A2F600C72616 /* Info.plist */,
			);
			path = MarosHound;
			sourceTree = "<group>";
		};
		25B293661E20A2F600C72616 /* MarosHoundTests */ = {
			isa = PBXGroup;
			children = (
				25B293671E20A2F600C72616 /* MarosHoundTests.swift */,
				25B293691E20A2F600C72616 /* Info.plist */,
			);
			path = MarosHoundTests;
			sourceTree = "<group>";
		};
		25B293711E20A2F600C72616 /* MarosHoundUITests */ = {
			isa = PBXGroup;
			children = (
				25B293721E20A2F600C72616 /* MarosHoundUITests.swift */,
				25B293741E20A2F600C72616 /* Info.plist */,
			);
			path = MarosHoundUITests;
			sourceTree = "<group>";
		};
/* End PBXGroup section */

/* Begin PBXNativeTarget section */
		25B293531E20A2F600C72616 /* MarosHound */ = {
			isa = PBXNativeTarget;
			buildConfigurationList = 25B293771E20A2F600C72616 /* Build configuration list for PBXNativeTarget "MarosHound" */;
			buildPhases = (
				25B293501E20A2F600C72616 /* Sources */,
				25B293511E20A2F600C72616 /* Frameworks */,
				25B293521E20A2F600C72616 /* Resources */,
			);
			buildRules = (
			);
			dependencies = (
			);
			name = MarosHound;
			productName = MarosHound;
			productReference = 25B293541E20A2F600C72616 /* MarosHound.app */;
			productType = "com.apple.product-type.application";
		};
		25B293621E20A2F600C72616 /* MarosHoundTests */ = {
			isa = PBXNativeTarget;
			buildConfigurationList = 25B2937A1E20A2F600C72616 /* Build configuration list for PBXNativeTarget "MarosHoundTests" */;
			buildPhases = (
				25B2935F1E20A2F600C72616 /* Sources */,
				25B293601E20A2F600C72616 /* Frameworks */,
				25B293611E20A2F600C72616 /* Resources */,
			);
			buildRules = (
			);
			dependencies = (
				25B293651E20A2F600C72616 /* PBXTargetDependency */,
			);
			name = MarosHoundTests;
			productName = MarosHoundTests;
			productReference = 25B293631E20A2F600C72616 /* MarosHoundTests.xctest */;
			productType = "com.apple.product-type.bundle.unit-test";
		};
		25B2936D1E20A2F600C72616 /* MarosHoundUITests */ = {
			isa = PBXNativeTarget;
			buildConfigurationList = 25B2937D1E20A2F600C72616 /* Build configuration list for PBXNativeTarget "MarosHoundUITests" */;
			buildPhases = (
				25B2936A1E20A2F600C72616 /* Sources */,
				25B2936B1E20A2F600C72616 /* Frameworks */,
				25B2936C1E20A2F600C72616 /* Resources */,
			);
			buildRules = (
			);
			dependencies = (
				25B293701E20A2F600C72616 /* PBXTargetDependency */,
			);
			name = MarosHoundUITests;
			productName = MarosHoundUITests;
			productReference = 25B2936E1E20A2F600C72616 /* MarosHoundUITests.xctest */;
			productType = "com.apple.product-type.bundle.ui-testing";
		};
/* End PBXNativeTarget section */

/* Begin PBXProject section */
		25B2934C1E20A2F600C72616 /* Project object */ = {
			isa = PBXProject;
			attributes = {
				LastSwiftUpdateCheck = 0820;
				LastUpgradeCheck = 0820;
				ORGANIZATIONNAME = Odreria;
				TargetAttributes = {
					25B293531E20A2F600C72616 = {
						CreatedOnToolsVersion = 8.2.1;
						ProvisioningStyle = Automatic;
					};
					25B293621E20A2F600C72616 = {
						CreatedOnToolsVersion = 8.2.1;
						ProvisioningStyle = Automatic;
						TestTargetID = 25B293531E20A2F600C72616;
					};
					25B2936D1E20A2F600C72616 = {
						CreatedOnToolsVersion = 8.2.1;
						ProvisioningStyle = Automatic;
						TestTargetID = 25B293531E20A2F600C72616;
					};
				};
			};
			buildConfigurationList = 25B2934F1E20A2F600C72616 /* Build configuration list for PBXProject "MarosHound" */;
			compatibilityVersion = "Xcode 3.2";
			developmentRegion = English;
			hasScannedForEncodings = 0;
			knownRegions = (
				en,
				Base,
			);
			mainGroup = 25B2934B1E20A2F600C72616;
			productRefGroup = 25B293551E20A2F600C72616 /* Products */;
			projectDirPath = "";
			projectRoot = "";
			targets = (
				25B293531E20A2F600C72616 /* MarosHound */,
				25B293621E20A2F600C72616 /* MarosHoundTests */,
				25B2936D1E20A2F600C72616 /* MarosHoundUITests */,
			);
		};
/* End PBXProject section */

/* Begin PBXResourcesBuildPhase section */
		25B293521E20A2F600C72616 /* Resources */ = {
			isa = PBXResourcesBuildPhase;
			buildActionMask = 2147483647;
			files = (
				25B2935A1E20A2F600C72616 /* Assets.xcassets in Resources */,
				25B2935D1E20A2F600C72616 /* MainMenu.xib in Resources */,
			);
			runOnlyForDeploymentPostprocessing = 0;
		};
		25B293611E20A2F600C72616 /* Resources */ = {
			isa = PBXResourcesBuildPhase;
			buildActionMask = 2147483647;
			files = (
			);
			runOnlyForDeploymentPostprocessing = 0;
		};
		25B2936C1E20A2F600C72616 /* Resources */ = {
			isa = PBXResourcesBuildPhase;
			buildActionMask = 2147483647;
			files = (
			);
			runOnlyForDeploymentPostprocessing = 0;
		};
/* End PBXResourcesBuildPhase section */

/* Begin PBXSourcesBuildPhase section */
		25B293501E20A2F600C72616 /* Sources */ = {
			isa = PBXSourcesBuildPhase;
			buildActionMask = 2147483647;
			files = (
				256370BB1E21E61E00DF5D1A /* ModelHound.swift in Sources */,
				256370B91E21E13A00DF5D1A /* HoundAdapter.swift in Sources */,
				25B293581E20A2F600C72616 /* AppDelegate.swift in Sources */,
			);
			runOnlyForDeploymentPostprocessing = 0;
		};
		25B2935F1E20A2F600C72616 /* Sources */ = {
			isa = PBXSourcesBuildPhase;
			buildActionMask = 2147483647;
			files = (
				25B293681E20A2F600C72616 /* MarosHoundTests.swift in Sources */,
			);
			runOnlyForDeploymentPostprocessing = 0;
		};
		25B2936A1E20A2F600C72616 /* Sources */ = {
			isa = PBXSourcesBuildPhase;
			buildActionMask = 2147483647;
			files = (
				25B293731E20A2F600C72616 /* MarosHoundUITests.swift in Sources */,
			);
			runOnlyForDeploymentPostprocessing = 0;
		};
/* End PBXSourcesBuildPhase section */

/* Begin PBXTargetDependency section */
		25B293651E20A2F600C72616 /* PBXTargetDependency */ = {
			isa = PBXTargetDependency;
			target = 25B293531E20A2F600C72616 /* MarosHound */;
			targetProxy = 25B293641E20A2F600C72616 /* PBXContainerItemProxy */;
		};
		25B293701E20A2F600C72616 /* PBXTargetDependency */ = {
			isa = PBXTargetDependency;
			target = 25B293531E20A2F600C72616 /* MarosHound */;
			targetProxy = 25B2936F1E20A2F600C72616 /* PBXContainerItemProxy */;
		};
/* End PBXTargetDependency section */

/* Begin PBXVariantGroup section */
		25B2935B1E20A2F600C72616 /* MainMenu.xib */ = {
			isa = PBXVariantGroup;
			children = (
				25B2935C1E20A2F600C72616 /* Base */,
			);
			name = MainMenu.xib;
			sourceTree = "<group>";
		};
/* End PBXVariantGroup section */

/* Begin XCBuildConfiguration section */
		25B293751E20A2F600C72616 /* Debug */ = {
			isa = XCBuildConfiguration;
			buildSettings = {
				ALWAYS_SEARCH_USER_PATHS = NO;
				CLANG_ANALYZER_NONNULL = YES;
				CLANG_CXX_LANGUAGE_STANDARD = "gnu++0x";
				CLANG_CXX_LIBRARY = "libc++";
				CLANG_ENABLE_MODULES = YES;
				CLANG_ENABLE_OBJC_ARC = YES;
				CLANG_WARN_BOOL_CONVERSION = YES;
				CLANG_WARN_CONSTANT_CONVERSION = YES;
				CLANG_WARN_DIRECT_OBJC_ISA_USAGE = YES_ERROR;
				CLANG_WARN_DOCUMENTATION_COMMENTS = YES;
				CLANG_WARN_EMPTY_BODY = YES;
				CLANG_WARN_ENUM_CONVERSION = YES;
				CLANG_WARN_INFINITE_RECURSION = YES;
				CLANG_WARN_INT_CONVERSION = YES;
				CLANG_WARN_OBJC_ROOT_CLASS = YES_ERROR;
				CLANG_WARN_SUSPICIOUS_MOVE = YES;
				CLANG_WARN_UNREACHABLE_CODE = YES;
				CLANG_WARN__DUPLICATE_METHOD_MATCH = YES;
				CODE_SIGN_IDENTITY = "-";
				COPY_PHASE_STRIP = NO;
				DEBUG_INFORMATION_FORMAT = dwarf;
				ENABLE_STRICT_OBJC_MSGSEND = YES;
				ENABLE_TESTABILITY = YES;
				GCC_C_LANGUAGE_STANDARD = gnu99;
				GCC_DYNAMIC_NO_PIC = NO;
				GCC_NO_COMMON_BLOCKS = YES;
				GCC_OPTIMIZATION_LEVEL = 0;
				GCC_PREPROCESSOR_DEFINITIONS = (
					"DEBUG=1",
					"$(inherited)",
				);
				GCC_WARN_64_TO_32_BIT_CONVERSION = YES;
				GCC_WARN_ABOUT_RETURN_TYPE = YES_ERROR;
				GCC_WARN_UNDECLARED_SELECTOR = YES;
				GCC_WARN_UNINITIALIZED_AUTOS = YES_AGGRESSIVE;
				GCC_WARN_UNUSED_FUNCTION = YES;
				GCC_WARN_UNUSED_VARIABLE = YES;
				MACOSX_DEPLOYMENT_TARGET = 10.12;
				MTL_ENABLE_DEBUG_INFO = YES;
				ONLY_ACTIVE_ARCH = YES;
				SDKROOT = macosx;
				SWIFT_ACTIVE_COMPILATION_CONDITIONS = DEBUG;
				SWIFT_OPTIMIZATION_LEVEL = "-Onone";
			};
			name = Debug;
		};
		25B293761E20A2F600C72616 /* Release */ = {
			isa = XCBuildConfiguration;
			buildSettings = {
				ALWAYS_SEARCH_USER_PATHS = NO;
				CLANG_ANALYZER_NONNULL = YES;
				CLANG_CXX_LANGUAGE_STANDARD = "gnu++0x";
				CLANG_CXX_LIBRARY = "libc++";
				CLANG_ENABLE_MODULES = YES;
				CLANG_ENABLE_OBJC_ARC = YES;
				CLANG_WARN_BOOL_CONVERSION = YES;
				CLANG_WARN_CONSTANT_CONVERSION = YES;
				CLANG_WARN_DIRECT_OBJC_ISA_USAGE = YES_ERROR;
				CLANG_WARN_DOCUMENTATION_COMMENTS = YES;
				CLANG_WARN_EMPTY_BODY = YES;
				CLANG_WARN_ENUM_CONVERSION = YES;
				CLANG_WARN_INFINITE_RECURSION = YES;
				CLANG_WARN_INT_CONVERSION = YES;
				CLANG_WARN_OBJC_ROOT_CLASS = YES_ERROR;
				CLANG_WARN_SUSPICIOUS_MOVE = YES;
				CLANG_WARN_UNREACHABLE_CODE = YES;
				CLANG_WARN__DUPLICATE_METHOD_MATCH = YES;
				CODE_SIGN_IDENTITY = "-";
				COPY_PHASE_STRIP = NO;
				DEBUG_INFORMATION_FORMAT = "dwarf-with-dsym";
				ENABLE_NS_ASSERTIONS = NO;
				ENABLE_STRICT_OBJC_MSGSEND = YES;
				GCC_C_LANGUAGE_STANDARD = gnu99;
				GCC_NO_COMMON_BLOCKS = YES;
				GCC_WARN_64_TO_32_BIT_CONVERSION = YES;
				GCC_WARN_ABOUT_RETURN_TYPE = YES_ERROR;
				GCC_WARN_UNDECLARED_SELECTOR = YES;
				GCC_WARN_UNINITIALIZED_AUTOS = YES_AGGRESSIVE;
				GCC_WARN_UNUSED_FUNCTION = YES;
				GCC_WARN_UNUSED_VARIABLE = YES;
				MACOSX_DEPLOYMENT_TARGET = 10.12;
				MTL_ENABLE_DEBUG_INFO = NO;
				SDKROOT = macosx;
				SWIFT_OPTIMIZATION_LEVEL = "-Owholemodule";
			};
			name = Release;
		};
		25B293781E20A2F600C72616 /* Debug */ = {
			isa = XCBuildConfiguration;
			buildSettings = {
				ASSETCATALOG_COMPILER_APPICON_NAME = AppIcon;
				COMBINE_HIDPI_IMAGES = YES;
				INFOPLIST_FILE = MarosHound/Info.plist;
				LD_RUNPATH_SEARCH_PATHS = "$(inherited) @executable_path/../Frameworks";
				PRODUCT_BUNDLE_IDENTIFIER = com.odreria.MarosHound;
				PRODUCT_NAME = "$(TARGET_NAME)";
				SWIFT_VERSION = 3.0;
			};
			name = Debug;
		};
		25B293791E20A2F600C72616 /* Release */ = {
			isa = XCBuildConfiguration;
			buildSettings = {
				ASSETCATALOG_COMPILER_APPICON_NAME = AppIcon;
				COMBINE_HIDPI_IMAGES = YES;
				INFOPLIST_FILE = MarosHound/Info.plist;
				LD_RUNPATH_SEARCH_PATHS = "$(inherited) @executable_path/../Frameworks";
				PRODUCT_BUNDLE_IDENTIFIER = com.odreria.MarosHound;
				PRODUCT_NAME = "$(TARGET_NAME)";
				SWIFT_VERSION = 3.0;
			};
			name = Release;
		};
		25B2937B1E20A2F600C72616 /* Debug */ = {
			isa = XCBuildConfiguration;
			buildSettings = {
				ALWAYS_EMBED_SWIFT_STANDARD_LIBRARIES = YES;
				BUNDLE_LOADER = "$(TEST_HOST)";
				COMBINE_HIDPI_IMAGES = YES;
				INFOPLIST_FILE = MarosHoundTests/Info.plist;
				LD_RUNPATH_SEARCH_PATHS = "$(inherited) @executable_path/../Frameworks @loader_path/../Frameworks";
				PRODUCT_BUNDLE_IDENTIFIER = com.odreria.MarosHoundTests;
				PRODUCT_NAME = "$(TARGET_NAME)";
				SWIFT_VERSION = 3.0;
				TEST_HOST = "$(BUILT_PRODUCTS_DIR)/MarosHound.app/Contents/MacOS/MarosHound";
			};
			name = Debug;
		};
		25B2937C1E20A2F600C72616 /* Release */ = {
			isa = XCBuildConfiguration;
			buildSettings = {
				ALWAYS_EMBED_SWIFT_STANDARD_LIBRARIES = YES;
				BUNDLE_LOADER = "$(TEST_HOST)";
				COMBINE_HIDPI_IMAGES = YES;
				INFOPLIST_FILE = MarosHoundTests/Info.plist;
				LD_RUNPATH_SEARCH_PATHS = "$(inherited) @executable_path/../Frameworks @loader_path/../Frameworks";
				PRODUCT_BUNDLE_IDENTIFIER = com.odreria.MarosHoundTests;
				PRODUCT_NAME = "$(TARGET_NAME)";
				SWIFT_VERSION = 3.0;
				TEST_HOST = "$(BUILT_PRODUCTS_DIR)/MarosHound.app/Contents/MacOS/MarosHound";
			};
			name = Release;
		};
		25B2937E1E20A2F600C72616 /* Debug */ = {
			isa = XCBuildConfiguration;
			buildSettings = {
				ALWAYS_EMBED_SWIFT_STANDARD_LIBRARIES = YES;
				COMBINE_HIDPI_IMAGES = YES;
				INFOPLIST_FILE = MarosHoundUITests/Info.plist;
				LD_RUNPATH_SEARCH_PATHS = "$(inherited) @executable_path/../Frameworks @loader_path/../Frameworks";
				PRODUCT_BUNDLE_IDENTIFIER = com.odreria.MarosHoundUITests;
				PRODUCT_NAME = "$(TARGET_NAME)";
				SWIFT_VERSION = 3.0;
				TEST_TARGET_NAME = MarosHound;
			};
			name = Debug;
		};
		25B2937F1E20A2F600C72616 /* Release */ = {
			isa = XCBuildConfiguration;
			buildSettings = {
				ALWAYS_EMBED_SWIFT_STANDARD_LIBRARIES = YES;
				COMBINE_HIDPI_IMAGES = YES;
				INFOPLIST_FILE = MarosHoundUITests/Info.plist;
				LD_RUNPATH_SEARCH_PATHS = "$(inherited) @executable_path/../Frameworks @loader_path/../Frameworks";
				PRODUCT_BUNDLE_IDENTIFIER = com.odreria.MarosHoundUITests;
				PRODUCT_NAME = "$(TARGET_NAME)";
				SWIFT_VERSION = 3.0;
				TEST_TARGET_NAME = MarosHound;
			};
			name = Release;
		};
/* End XCBuildConfiguration section */

/* Begin XCConfigurationList section */
		25B2934F1E20A2F600C72616 /* Build configuration list for PBXProject "MarosHound" */ = {
			isa = XCConfigurationList;
			buildConfigurations = (
				25B293751E20A2F600C72616 /* Debug */,
				25B293761E20A2F600C72616 /* Release */,
			);
			defaultConfigurationIsVisible = 0;
			defaultConfigurationName = Release;
		};
		25B293771E20A2F600C72616 /* Build configuration list for PBXNativeTarget "MarosHound" */ = {
			isa = XCConfigurationList;
			buildConfigurations = (
				25B293781E20A2F600C72616 /* Debug */,
				25B293791E20A2F600C72616 /* Release */,
			);
			defaultConfigurationIsVisible = 0;
			defaultConfigurationName = Release;
		};
		25B2937A1E20A2F600C72616 /* Build configuration list for PBXNativeTarget "MarosHoundTests" */ = {
			isa = XCConfigurationList;
			buildConfigurations = (
				25B2937B1E20A2F600C72616 /* Debug */,
				25B2937C1E20A2F600C72616 /* Release */,
			);
			defaultConfigurationIsVisible = 0;
			defaultConfigurationName = Release;
		};
		25B2937D1E20A2F600C72616 /* Build configuration list for PBXNativeTarget "MarosHoundUITests" */ = {
			isa = XCConfigurationList;
			buildConfigurations = (
				25B2937E1E20A2F600C72616 /* Debug */,
				25B2937F1E20A2F600C72616 /* Release */,
			);
			defaultConfigurationIsVisible = 0;
			defaultConfigurationName = Release;
		};
/* End XCConfigurationList section */
	};
	rootObject = 25B2934C1E20A2F600C72616 /* Project object */;
}
